<?xml version="1.0" encoding="utf-8"?>
<Project ToolsVersion="4.0" xmlns="http://schemas.microsoft.com/developer/msbuild/2003">
  <ItemGroup>
    <Filter Include="ソース ファイル">
      <UniqueIdentifier>{4FC737F1-C7A5-4376-A066-2A32D752A2FF}</UniqueIdentifier>
      <Extensions>cpp;c;cc;cxx;def;odl;idl;hpj;bat;asm;asmx</Extensions>
    </Filter>
    <Filter Include="ヘッダー ファイル">
      <UniqueIdentifier>{93995380-89BD-4b04-88EB-625FBE52EBFB}</UniqueIdentifier>
      <Extensions>h;hh;hpp;hxx;hm;inl;inc;ipp;xsd</Extensions>
    </Filter>
    <Filter Include="リソース ファイル">
      <UniqueIdentifier>{67DA6AB6-F800-4c08-8B7A-83BB121AAD01}</UniqueIdentifier>
      <Extensions>rc;ico;cur;bmp;dlg;rc2;rct;bin;rgs;gif;jpg;jpeg;jpe;resx;tiff;tif;png;wav;mfcribbon-ms</Extensions>
    </Filter>
    <Filter Include="Map">
      <UniqueIdentifier>{96c944b0-0b55-4ef9-a850-864868a7b46e}</UniqueIdentifier>
    </Filter>
    <Filter Include="Enemy">
      <UniqueIdentifier>{dc879cfa-2222-4781-9957-a816709f3179}</UniqueIdentifier>
    </Filter>
    <Filter Include="commonObj">
      <UniqueIdentifier>{87171ce0-bfbd-4ba3-91ba-fbca2e80da76}</UniqueIdentifier>
    </Filter>
    <Filter Include="Effect">
      <UniqueIdentifier>{7277f2de-8735-4fdc-b38d-6e2fe4ba247f}</UniqueIdentifier>
    </Filter>
    <Filter Include="Player">
      <UniqueIdentifier>{9d425ce3-b490-4421-989a-612def3fbc0c}</UniqueIdentifier>
    </Filter>
    <Filter Include="GameScene">
      <UniqueIdentifier>{62b90d34-d5a7-4598-b8a4-d4f17a6a79e7}</UniqueIdentifier>
    </Filter>
    <Filter Include="Item">
      <UniqueIdentifier>{1b6b834e-558b-4a44-a28b-daabac8e33ac}</UniqueIdentifier>
    </Filter>
    <Filter Include="GameScene\UI">
      <UniqueIdentifier>{95fa5787-5ebe-4241-a210-39929930c37b}</UniqueIdentifier>
    </Filter>
    <Filter Include="TitleScene">
      <UniqueIdentifier>{0c11a6f9-4291-42c9-b72d-04cfbe5f8b05}</UniqueIdentifier>
    </Filter>
    <Filter Include="MenuScene">
      <UniqueIdentifier>{95a291a6-53d9-4927-be17-d6fda6d89012}</UniqueIdentifier>
    </Filter>
    <Filter Include="Enemy\State">
      <UniqueIdentifier>{f9a57969-77b0-4bed-b8ec-17980ed49708}</UniqueIdentifier>
    </Filter>
    <Filter Include="Player\State">
      <UniqueIdentifier>{37d503a4-7c74-4e4c-adfb-d33ea9565084}</UniqueIdentifier>
    </Filter>
    <Filter Include="Effect\Sound">
      <UniqueIdentifier>{d0629e29-3f99-41a5-a047-7eb9673a12ec}</UniqueIdentifier>
    </Filter>
    <Filter Include="Effect\VFX">
      <UniqueIdentifier>{944ed0bd-938d-4f1f-b775-2ee2bcf47610}</UniqueIdentifier>
    </Filter>
  </ItemGroup>
  <ItemGroup>
    <ClCompile Include="main.cpp">
      <Filter>ソース ファイル</Filter>
    </ClCompile>
    <ClCompile Include="SceanSwitcher\SceneSwitcher.cpp">
      <Filter>ソース ファイル</Filter>
    </ClCompile>
    <ClCompile Include="SceanSwitcher\SceneBase.cpp">
      <Filter>ソース ファイル</Filter>
    </ClCompile>
    <ClCompile Include="ResourceManager.cpp">
      <Filter>ソース ファイル</Filter>
    </ClCompile>
    <ClCompile Include="Player\Player.cpp">
      <Filter>Player</Filter>
    </ClCompile>
    <ClCompile Include="Map\Ground.cpp">
      <Filter>Map</Filter>
    </ClCompile>
    <ClCompile Include="Enemy\Enemy.cpp">
      <Filter>Enemy</Filter>
    </ClCompile>
    <ClCompile Include="commonObj\SnowBall.cpp">
      <Filter>commonObj</Filter>
    </ClCompile>
    <ClCompile Include="Enemy\EnemyManager.cpp">
      <Filter>Enemy</Filter>
    </ClCompile>
    <ClCompile Include="commonObj\SkyBox.cpp">
      <Filter>commonObj</Filter>
    </ClCompile>
    <ClCompile Include="commonObj\SnowBallManager.cpp">
      <Filter>commonObj</Filter>
    </ClCompile>
    <ClCompile Include="CollisionObserver.cpp">
      <Filter>ソース ファイル</Filter>
    </ClCompile>
    <ClCompile Include="Map\LoadStageData.cpp">
      <Filter>Map</Filter>
    </ClCompile>
    <ClCompile Include="Map\MapObj.cpp">
      <Filter>Map</Filter>
    </ClCompile>
    <ClCompile Include="Map\Tree.cpp">
      <Filter>Map</Filter>
    </ClCompile>
    <ClCompile Include="Map\MapObjManager.cpp">
      <Filter>Map</Filter>
    </ClCompile>
    <ClCompile Include="Map\Bench.cpp">
      <Filter>Map</Filter>
    </ClCompile>
    <ClCompile Include="Enemy\Kamakura.cpp">
      <Filter>Enemy</Filter>
    </ClCompile>
    <ClCompile Include="Player\PlayerCamera.cpp">
      <Filter>Player</Filter>
    </ClCompile>
    <ClCompile Include="GameScene\GameScene.cpp">
      <Filter>GameScene</Filter>
    </ClCompile>
    <ClCompile Include="GameScene\EventManager.cpp">
      <Filter>GameScene</Filter>
    </ClCompile>
    <ClCompile Include="Map\XmasTree.cpp">
      <Filter>Map</Filter>
    </ClCompile>
    <ClCompile Include="Item\DecorationBase.cpp">
      <Filter>Item</Filter>
    </ClCompile>
    <ClCompile Include="UI\PickUpInstructions.cpp">
      <Filter>GameScene\UI</Filter>
    </ClCompile>
    <ClCompile Include="Item\DecorationManager.cpp">
      <Filter>Item</Filter>
    </ClCompile>
    <ClCompile Include="UI\RemainingBallUI.cpp">
      <Filter>GameScene\UI</Filter>
    </ClCompile>
    <ClCompile Include="Item\Decoration_RedBall.cpp">
      <Filter>Item</Filter>
    </ClCompile>
    <ClCompile Include="Item\Decoration_BlueBall.cpp">
      <Filter>Item</Filter>
    </ClCompile>
    <ClCompile Include="Item\Decoration_YellowBall.cpp">
      <Filter>Item</Filter>
    </ClCompile>
    <ClCompile Include="TitleScene\TitleScene.cpp">
      <Filter>TitleScene</Filter>
    </ClCompile>
    <ClCompile Include="MenuScene\MenuScene.cpp">
      <Filter>MenuScene</Filter>
    </ClCompile>
    <ClCompile Include="commonObj\ButtonBase.cpp">
      <Filter>commonObj</Filter>
    </ClCompile>
    <ClCompile Include="Map\Stage1Enclosure.cpp">
      <Filter>Map</Filter>
    </ClCompile>
    <ClCompile Include="Map\Bobbin_Red.cpp">
      <Filter>Map</Filter>
    </ClCompile>
    <ClCompile Include="UI\TimeUI.cpp">
      <Filter>GameScene\UI</Filter>
    </ClCompile>
    <ClCompile Include="GameScene\ResultCam.cpp">
      <Filter>GameScene</Filter>
    </ClCompile>
    <ClCompile Include="UI\GameObjective.cpp">
      <Filter>GameScene\UI</Filter>
    </ClCompile>
    <ClCompile Include="GameScene\GameObjectSpawner.cpp">
      <Filter>GameScene</Filter>
    </ClCompile>
    <ClCompile Include="GameScene\SpawnerManager.cpp">
      <Filter>GameScene</Filter>
    </ClCompile>
    <ClCompile Include="Enemy\EnemyState\PlayerSearchState.cpp">
      <Filter>Enemy\State</Filter>
    </ClCompile>
    <ClCompile Include="Enemy\EnemyState\EngagingMode.cpp">
      <Filter>Enemy\State</Filter>
    </ClCompile>
    <ClCompile Include="Enemy\EnemyState\TurnToPlayer.cpp">
      <Filter>Enemy\State</Filter>
    </ClCompile>
    <ClCompile Include="Player\CarryItem.cpp">
      <Filter>Player</Filter>
    </ClCompile>
    <ClCompile Include="Enemy\EnemyState\ShootSnowBall.cpp">
      <Filter>Enemy\State</Filter>
    </ClCompile>
    <ClCompile Include="Enemy\EnemyState\LookForPlayerAnime.cpp">
      <Filter>Enemy\State</Filter>
    </ClCompile>
    <ClCompile Include="Player\WindUpState.cpp">
      <Filter>Player\State</Filter>
    </ClCompile>
    <ClCompile Include="Player\PlayerStateIdle.cpp">
      <Filter>Player\State</Filter>
    </ClCompile>
    <ClCompile Include="Player\ThrowState.cpp">
      <Filter>Player\State</Filter>
    </ClCompile>
    <ClCompile Include="Player\MakeSnowBallState.cpp">
      <Filter>Player\State</Filter>
    </ClCompile>
    <ClCompile Include="Effect\EffectManager.cpp">
      <Filter>Effect\VFX</Filter>
    </ClCompile>
    <ClCompile Include="Effect\EnemyAnimeManager.cpp">
      <Filter>Effect\VFX</Filter>
    </ClCompile>
    <ClCompile Include="Effect\EnemyDeathAnime.cpp">
      <Filter>Effect\VFX</Filter>
    </ClCompile>
    <ClCompile Include="Effect\EnemyHatAnime.cpp">
      <Filter>Effect\VFX</Filter>
    </ClCompile>
    <ClCompile Include="Effect\Locus.cpp">
      <Filter>Effect\VFX</Filter>
    </ClCompile>
    <ClCompile Include="Effect\PlayerHitEffect.cpp">
      <Filter>Effect\VFX</Filter>
    </ClCompile>
    <ClCompile Include="Effect\SceneSwitchEffect.cpp">
      <Filter>Effect\VFX</Filter>
    </ClCompile>
    <ClCompile Include="Effect\SnowFrag.cpp">
      <Filter>Effect\VFX</Filter>
    </ClCompile>
    <ClCompile Include="UI\TimePenaltyUI.cpp">
      <Filter>GameScene\UI</Filter>
    </ClCompile>
    <ClCompile Include="commonObj\Function.cpp">
      <Filter>ソース ファイル</Filter>
    </ClCompile>
    <ClCompile Include="Sound\wavread.cpp">
      <Filter>Effect\Sound</Filter>
    </ClCompile>
    <ClCompile Include="Sound\Sound2D.cpp">
      <Filter>Effect\Sound</Filter>
    </ClCompile>
    <ClCompile Include="Sound\Sound3D.cpp">
      <Filter>Effect\Sound</Filter>
    </ClCompile>
    <ClCompile Include="Sound\SoundManager.cpp">
      <Filter>Effect\Sound</Filter>
    </ClCompile>
    <ClCompile Include="UI\AddSnowBallUI.cpp">
      <Filter>GameScene\UI</Filter>
    </ClCompile>
    <ClCompile Include="commonObj\BackToTitle.cpp">
      <Filter>commonObj</Filter>
    </ClCompile>
    <ClCompile Include="MenuScene\StageSelectButton.cpp">
      <Filter>MenuScene</Filter>
    </ClCompile>
    <ClCompile Include="commonObj\BackToTitleButton.cpp">
      <Filter>commonObj</Filter>
    </ClCompile>
  </ItemGroup>
  <ItemGroup>
    <ClInclude Include="SceanSwitcher\SceneSwitcher.h">
      <Filter>ヘッダー ファイル</Filter>
    </ClInclude>
    <ClInclude Include="SceanSwitcher\SceneBase.h">
      <Filter>ヘッダー ファイル</Filter>
    </ClInclude>
    <ClInclude Include="ResourceManager.h">
      <Filter>ヘッダー ファイル</Filter>
    </ClInclude>
    <ClInclude Include="main.h">
      <Filter>ヘッダー ファイル</Filter>
    </ClInclude>
    <ClInclude Include="Player\Player.h">
      <Filter>Player</Filter>
    </ClInclude>
    <ClInclude Include="Map\Ground.h">
      <Filter>Map</Filter>
    </ClInclude>
    <ClInclude Include="Enemy\Enemy.h">
      <Filter>Enemy</Filter>
    </ClInclude>
    <ClInclude Include="commonObj\SnowBall.h">
      <Filter>commonObj</Filter>
    </ClInclude>
    <ClInclude Include="Enemy\EnemyManager.h">
      <Filter>Enemy</Filter>
    </ClInclude>
    <ClInclude Include="commonObj\SkyBox.h">
      <Filter>commonObj</Filter>
    </ClInclude>
    <ClInclude Include="commonObj\SnowBallManager.h">
      <Filter>commonObj</Filter>
    </ClInclude>
    <ClInclude Include="Map\LoadStageData.h">
      <Filter>Map</Filter>
    </ClInclude>
    <ClInclude Include="CollisionObserver.h">
      <Filter>ヘッダー ファイル</Filter>
    </ClInclude>
    <ClInclude Include="Map\MapObj.h">
      <Filter>Map</Filter>
    </ClInclude>
    <ClInclude Include="Map\Tree.h">
      <Filter>Map</Filter>
    </ClInclude>
    <ClInclude Include="Map\MapObjManager.h">
      <Filter>Map</Filter>
    </ClInclude>
    <ClInclude Include="Map\Bench.h">
      <Filter>Map</Filter>
    </ClInclude>
    <ClInclude Include="Enemy\Kamakura.h">
      <Filter>Enemy</Filter>
    </ClInclude>
    <ClInclude Include="Player\PlayerCamera.h">
      <Filter>Player</Filter>
    </ClInclude>
    <ClInclude Include="GameScene\GameScene.h">
      <Filter>GameScene</Filter>
    </ClInclude>
    <ClInclude Include="GameScene\EventManager.h">
      <Filter>GameScene</Filter>
    </ClInclude>
    <ClInclude Include="Map\XmasTree.h">
      <Filter>Map</Filter>
    </ClInclude>
    <ClInclude Include="Item\DecorationBase.h">
      <Filter>Item</Filter>
    </ClInclude>
    <ClInclude Include="UI\PickUpInstructions.h">
      <Filter>GameScene\UI</Filter>
    </ClInclude>
    <ClInclude Include="Item\DecorationManager.h">
      <Filter>Item</Filter>
    </ClInclude>
    <ClInclude Include="UI\RemainingBallUI.h">
      <Filter>GameScene\UI</Filter>
    </ClInclude>
    <ClInclude Include="Item\Decoration_RedBall.h">
      <Filter>Item</Filter>
    </ClInclude>
    <ClInclude Include="Item\Decoration_BlueBall.h">
      <Filter>Item</Filter>
    </ClInclude>
    <ClInclude Include="Item\Decoration_YellowBall.h">
      <Filter>Item</Filter>
    </ClInclude>
    <ClInclude Include="TitleScene\TitleScene.h">
      <Filter>TitleScene</Filter>
    </ClInclude>
    <ClInclude Include="MenuScene\MenuScene.h">
      <Filter>MenuScene</Filter>
    </ClInclude>
    <ClInclude Include="commonObj\ButtonBase.h">
      <Filter>commonObj</Filter>
    </ClInclude>
    <ClInclude Include="Map\Stage1Enclosure.h">
      <Filter>Map</Filter>
    </ClInclude>
    <ClInclude Include="Map\Bobbin_Red.h">
      <Filter>Map</Filter>
    </ClInclude>
    <ClInclude Include="UI\TimeUI.h">
      <Filter>GameScene\UI</Filter>
    </ClInclude>
    <ClInclude Include="GameScene\ResultCam.h">
      <Filter>GameScene</Filter>
    </ClInclude>
    <ClInclude Include="UI\GameObjective.h">
      <Filter>GameScene\UI</Filter>
    </ClInclude>
    <ClInclude Include="SingletonBase.h">
      <Filter>ヘッダー ファイル</Filter>
    </ClInclude>
    <ClInclude Include="GameScene\GameObjectSpawner.h">
      <Filter>GameScene</Filter>
    </ClInclude>
    <ClInclude Include="GameScene\SpawnerManager.h">
      <Filter>GameScene</Filter>
    </ClInclude>
    <ClInclude Include="Enemy\EnemyState\EnemyStateBase.h">
      <Filter>Enemy\State</Filter>
    </ClInclude>
    <ClInclude Include="Enemy\EnemyState\PlayerSearchState.h">
      <Filter>Enemy\State</Filter>
    </ClInclude>
    <ClInclude Include="Enemy\EnemyState\EngagingMode.h">
      <Filter>Enemy\State</Filter>
    </ClInclude>
    <ClInclude Include="Enemy\EnemyState\TurnToPlayer.h">
      <Filter>Enemy\State</Filter>
    </ClInclude>
    <ClInclude Include="Player\CarryItem.h">
      <Filter>Player</Filter>
    </ClInclude>
    <ClInclude Include="Enemy\EnemyState\ShootSnowBall.h">
      <Filter>Enemy\State</Filter>
    </ClInclude>
    <ClInclude Include="Enemy\EnemyState\LookForPlayerAnime.h">
      <Filter>Enemy\State</Filter>
    </ClInclude>
    <ClInclude Include="Player\WindUpState.h">
      <Filter>Player\State</Filter>
    </ClInclude>
    <ClInclude Include="Player\PlayerStateBase.h">
      <Filter>Player\State</Filter>
    </ClInclude>
    <ClInclude Include="Player\PlayerStateIdle.h">
      <Filter>Player\State</Filter>
    </ClInclude>
    <ClInclude Include="Player\ThrowState.h">
      <Filter>Player\State</Filter>
    </ClInclude>
    <ClInclude Include="Player\MakeSnowBallState.h">
      <Filter>Player\State</Filter>
    </ClInclude>
    <ClInclude Include="Effect\EffectManager.h">
      <Filter>Effect\VFX</Filter>
    </ClInclude>
    <ClInclude Include="Effect\EnemyAnimeManager.h">
      <Filter>Effect\VFX</Filter>
    </ClInclude>
    <ClInclude Include="Effect\EnemyDeathAnime.h">
      <Filter>Effect\VFX</Filter>
    </ClInclude>
    <ClInclude Include="Effect\EnemyHatAnime.h">
      <Filter>Effect\VFX</Filter>
    </ClInclude>
    <ClInclude Include="Effect\Locus.h">
      <Filter>Effect\VFX</Filter>
    </ClInclude>
    <ClInclude Include="Effect\PlayerHitEffect.h">
      <Filter>Effect\VFX</Filter>
    </ClInclude>
    <ClInclude Include="Effect\SceneSwitchEffect.h">
      <Filter>Effect\VFX</Filter>
    </ClInclude>
    <ClInclude Include="Effect\SnowFrag.h">
      <Filter>Effect\VFX</Filter>
    </ClInclude>
    <ClInclude Include="UI\TimePenaltyUI.h">
      <Filter>GameScene\UI</Filter>
    </ClInclude>
    <ClInclude Include="Sound\wavread.h">
      <Filter>Effect\Sound</Filter>
    </ClInclude>
    <ClInclude Include="Sound\Sound2D.h">
      <Filter>Effect\Sound</Filter>
    </ClInclude>
    <ClInclude Include="Sound\Sound3D.h">
      <Filter>Effect\Sound</Filter>
    </ClInclude>
    <ClInclude Include="Sound\SoundManager.h">
      <Filter>Effect\Sound</Filter>
    </ClInclude>
    <ClInclude Include="UI\AddSnowBallUI.h">
      <Filter>GameScene\UI</Filter>
    </ClInclude>
    <ClInclude Include="commonObj\BackToTitle.h">
      <Filter>commonObj</Filter>
    </ClInclude>
    <ClInclude Include="MenuScene\StageSelectButton.h">
      <Filter>MenuScene</Filter>
    </ClInclude>
    <ClInclude Include="commonObj\BackToTitleButton.h">
      <Filter>commonObj</Filter>
    </ClInclude>
  </ItemGroup>
</Project>